
Microsoft Visual Studio Solution File, Format Version 12.00
# Visual Studio Version 17
VisualStudioVersion = 17.10.35027.167
MinimumVisualStudioVersion = 10.0.40219.1
Project("{FAE04EC0-301F-11D3-BF4B-00C04F79EFBC}") = "DAL", "DAL\DAL.csproj", "{F2EC2D4B-7EA1-4F08-B5AB-C52EA2FB086D}"
EndProject
Project("{FAE04EC0-301F-11D3-BF4B-00C04F79EFBC}") = "Entities", "Entities\Entities.csproj", "{1451E58B-086C-4479-95CC-46FE9A5D37F6}"
EndProject
Global
	GlobalSection(SolutionConfigurationPlatforms) = preSolution
		Debug|Any CPU = Debug|Any CPU
		Release|Any CPU = Release|Any CPU
	EndGlobalSection
	GlobalSection(ProjectConfigurationPlatforms) = postSolution
		{F2EC2D4B-7EA1-4F08-B5AB-C52EA2FB086D}.Debug|Any CPU.ActiveCfg = Debug|Any CPU
		{F2EC2D4B-7EA1-4F08-B5AB-C52EA2FB086D}.Debug|Any CPU.Build.0 = Debug|Any CPU
		{F2EC2D4B-7EA1-4F08-B5AB-C52EA2FB086D}.Release|Any CPU.ActiveCfg = Release|Any CPU
		{F2EC2D4B-7EA1-4F08-B5AB-C52EA2FB086D}.Release|Any CPU.Build.0 = Release|Any CPU
		{1451E58B-086C-4479-95CC-46FE9A5D37F6}.Debug|Any CPU.ActiveCfg = Debug|Any CPU
		{1451E58B-086C-4479-95CC-46FE9A5D37F6}.Debug|Any CPU.Build.0 = Debug|Any CPU
		{1451E58B-086C-4479-95CC-46FE9A5D37F6}.Release|Any CPU.ActiveCfg = Release|Any CPU
		{1451E58B-086C-4479-95CC-46FE9A5D37F6}.Release|Any CPU.Build.0 = Release|Any CPU
	EndGlobalSection
	GlobalSection(SolutionProperties) = preSolution
		HideSolutionNode = FALSE
	EndGlobalSection
	GlobalSection(ExtensibilityGlobals) = postSolution
		SolutionGuid = {22761248-F2B1-4F1D-9621-D5A0022FFC95}
	EndGlobalSection
EndGlobal
