
Microsoft Visual Studio Solution File, Format Version 12.00
# Visual Studio Version 17
VisualStudioVersion = 17.10.35027.167
MinimumVisualStudioVersion = 10.0.40219.1
Project("{9A19103F-16F7-4668-BE54-9A1E7A4F7556}") = "DAL", "DAL\DAL.csproj", "{F2EC2D4B-7EA1-4F08-B5AB-C52EA2FB086D}"
EndProject
Project("{9A19103F-16F7-4668-BE54-9A1E7A4F7556}") = "Entities", "Entities\Entities.csproj", "{1451E58B-086C-4479-95CC-46FE9A5D37F6}"
EndProject
Project("{9A19103F-16F7-4668-BE54-9A1E7A4F7556}") = "ConsoleAppTestDAL", "ConsoleAppTestDAL\ConsoleAppTestDAL.csproj", "{0E5B4DD3-9EE0-440F-A0BF-923CEACEDE77}"
EndProject
Project("{9A19103F-16F7-4668-BE54-9A1E7A4F7556}") = "BLL", "BLL\BLL.csproj", "{8C979ABF-8383-41E5-9493-8C7296BC172E}"
EndProject
Project("{9A19103F-16F7-4668-BE54-9A1E7A4F7556}") = "SCL", "SCL\SCL.csproj", "{096F2BE7-6B63-4E92-A1D7-44E3A50D7268}"
EndProject
Project("{9A19103F-16F7-4668-BE54-9A1E7A4F7556}") = "Service", "Service\Service.csproj", "{94D6C24B-2B85-423A-9EA1-C4D794550882}"
EndProject
Project("{FAE04EC0-301F-11D3-BF4B-00C04F79EFBC}") = "ProxyServer", "ProxyServer\ProxyServer.csproj", "{33BB3C0B-CAE7-447F-81E0-496451F63B4F}"
EndProject
Global
	GlobalSection(SolutionConfigurationPlatforms) = preSolution
		Debug|Any CPU = Debug|Any CPU
		Release|Any CPU = Release|Any CPU
	EndGlobalSection
	GlobalSection(ProjectConfigurationPlatforms) = postSolution
		{F2EC2D4B-7EA1-4F08-B5AB-C52EA2FB086D}.Debug|Any CPU.ActiveCfg = Debug|Any CPU
		{F2EC2D4B-7EA1-4F08-B5AB-C52EA2FB086D}.Debug|Any CPU.Build.0 = Debug|Any CPU
		{F2EC2D4B-7EA1-4F08-B5AB-C52EA2FB086D}.Release|Any CPU.ActiveCfg = Release|Any CPU
		{F2EC2D4B-7EA1-4F08-B5AB-C52EA2FB086D}.Release|Any CPU.Build.0 = Release|Any CPU
		{1451E58B-086C-4479-95CC-46FE9A5D37F6}.Debug|Any CPU.ActiveCfg = Debug|Any CPU
		{1451E58B-086C-4479-95CC-46FE9A5D37F6}.Debug|Any CPU.Build.0 = Debug|Any CPU
		{1451E58B-086C-4479-95CC-46FE9A5D37F6}.Release|Any CPU.ActiveCfg = Release|Any CPU
		{1451E58B-086C-4479-95CC-46FE9A5D37F6}.Release|Any CPU.Build.0 = Release|Any CPU
		{0E5B4DD3-9EE0-440F-A0BF-923CEACEDE77}.Debug|Any CPU.ActiveCfg = Debug|Any CPU
		{0E5B4DD3-9EE0-440F-A0BF-923CEACEDE77}.Debug|Any CPU.Build.0 = Debug|Any CPU
		{0E5B4DD3-9EE0-440F-A0BF-923CEACEDE77}.Release|Any CPU.ActiveCfg = Release|Any CPU
		{0E5B4DD3-9EE0-440F-A0BF-923CEACEDE77}.Release|Any CPU.Build.0 = Release|Any CPU
		{8C979ABF-8383-41E5-9493-8C7296BC172E}.Debug|Any CPU.ActiveCfg = Debug|Any CPU
		{8C979ABF-8383-41E5-9493-8C7296BC172E}.Debug|Any CPU.Build.0 = Debug|Any CPU
		{8C979ABF-8383-41E5-9493-8C7296BC172E}.Release|Any CPU.ActiveCfg = Release|Any CPU
		{8C979ABF-8383-41E5-9493-8C7296BC172E}.Release|Any CPU.Build.0 = Release|Any CPU
		{096F2BE7-6B63-4E92-A1D7-44E3A50D7268}.Debug|Any CPU.ActiveCfg = Debug|Any CPU
		{096F2BE7-6B63-4E92-A1D7-44E3A50D7268}.Debug|Any CPU.Build.0 = Debug|Any CPU
		{096F2BE7-6B63-4E92-A1D7-44E3A50D7268}.Release|Any CPU.ActiveCfg = Release|Any CPU
		{096F2BE7-6B63-4E92-A1D7-44E3A50D7268}.Release|Any CPU.Build.0 = Release|Any CPU
		{94D6C24B-2B85-423A-9EA1-C4D794550882}.Debug|Any CPU.ActiveCfg = Debug|Any CPU
		{94D6C24B-2B85-423A-9EA1-C4D794550882}.Debug|Any CPU.Build.0 = Debug|Any CPU
		{94D6C24B-2B85-423A-9EA1-C4D794550882}.Release|Any CPU.ActiveCfg = Release|Any CPU
		{94D6C24B-2B85-423A-9EA1-C4D794550882}.Release|Any CPU.Build.0 = Release|Any CPU
		{33BB3C0B-CAE7-447F-81E0-496451F63B4F}.Debug|Any CPU.ActiveCfg = Debug|Any CPU
		{33BB3C0B-CAE7-447F-81E0-496451F63B4F}.Debug|Any CPU.Build.0 = Debug|Any CPU
		{33BB3C0B-CAE7-447F-81E0-496451F63B4F}.Release|Any CPU.ActiveCfg = Release|Any CPU
		{33BB3C0B-CAE7-447F-81E0-496451F63B4F}.Release|Any CPU.Build.0 = Release|Any CPU
	EndGlobalSection
	GlobalSection(SolutionProperties) = preSolution
		HideSolutionNode = FALSE
	EndGlobalSection
	GlobalSection(ExtensibilityGlobals) = postSolution
		SolutionGuid = {22761248-F2B1-4F1D-9621-D5A0022FFC95}
	EndGlobalSection
EndGlobal
